// !$*UTF8*$!
{
	archiveVersion = 1;
	classes = {
	};
	objectVersion = 56;
	objects = {

/* Begin PBXBuildFile section */
		CAD1928D2DBD46C200DF0CDA /* NBodySimApp.swift in Sources */ = {isa = PBXBuildFile; fileRef = CAD1928C2DBD46C200DF0CDA /* NBodySimApp.swift */; };
		CAD1928F2DBD46C200DF0CDA /* ContentView.swift in Sources */ = {isa = PBXBuildFile; fileRef = CAD1928E2DBD46C200DF0CDA /* ContentView.swift */; };
		CAD192912DBD46C300DF0CDA /* Assets.xcassets in Resources */ = {isa = PBXBuildFile; fileRef = CAD192902DBD46C300DF0CDA /* Assets.xcassets */; };
		CAD192942DBD46C300DF0CDA /* Preview Assets.xcassets in Resources */ = {isa = PBXBuildFile; fileRef = CAD192932DBD46C300DF0CDA /* Preview Assets.xcassets */; };
		CAD1929E2DBD46C300DF0CDA /* NBodySimTests.swift in Sources */ = {isa = PBXBuildFile; fileRef = CAD1929D2DBD46C300DF0CDA /* NBodySimTests.swift */; };
		CAD192A82DBD46C300DF0CDA /* NBodySimUITests.swift in Sources */ = {isa = PBXBuildFile; fileRef = CAD192A72DBD46C300DF0CDA /* NBodySimUITests.swift */; };
		CAD192AA2DBD46C300DF0CDA /* NBodySimUITestsLaunchTests.swift in Sources */ = {isa = PBXBuildFile; fileRef = CAD192A92DBD46C300DF0CDA /* NBodySimUITestsLaunchTests.swift */; };
		CAD192B72DBD47E100DF0CDA /* Particle.swift in Sources */ = {isa = PBXBuildFile; fileRef = CAD192B62DBD47E100DF0CDA /* Particle.swift */; };
		CAD192B92DBD48B900DF0CDA /* Simulator.swift in Sources */ = {isa = PBXBuildFile; fileRef = CAD192B82DBD48B900DF0CDA /* Simulator.swift */; };
		CAD192BB2DBD64FD00DF0CDA /* MetalManager.swift in Sources */ = {isa = PBXBuildFile; fileRef = CAD192BA2DBD64FD00DF0CDA /* MetalManager.swift */; };
		CAD192BD2DBD650A00DF0CDA /* Shaders.metal in Sources */ = {isa = PBXBuildFile; fileRef = CAD192BC2DBD650A00DF0CDA /* Shaders.metal */; };
		CAD192BF2DBD9A5000DF0CDA /* MTLSimulator.swift in Sources */ = {isa = PBXBuildFile; fileRef = CAD192BE2DBD9A5000DF0CDA /* MTLSimulator.swift */; };
/* End PBXBuildFile section */

/* Begin PBXContainerItemProxy section */
		CAD1929A2DBD46C300DF0CDA /* PBXContainerItemProxy */ = {
			isa = PBXContainerItemProxy;
			containerPortal = CAD192812DBD46C200DF0CDA /* Project object */;
			proxyType = 1;
			remoteGlobalIDString = CAD192882DBD46C200DF0CDA;
			remoteInfo = NBodySim;
		};
		CAD192A42DBD46C300DF0CDA /* PBXContainerItemProxy */ = {
			isa = PBXContainerItemProxy;
			containerPortal = CAD192812DBD46C200DF0CDA /* Project object */;
			proxyType = 1;
			remoteGlobalIDString = CAD192882DBD46C200DF0CDA;
			remoteInfo = NBodySim;
		};
/* End PBXContainerItemProxy section */

/* Begin PBXFileReference section */
		CAD192892DBD46C200DF0CDA /* NBodySim.app */ = {isa = PBXFileReference; explicitFileType = wrapper.application; includeInIndex = 0; path = NBodySim.app; sourceTree = BUILT_PRODUCTS_DIR; };
		CAD1928C2DBD46C200DF0CDA /* NBodySimApp.swift */ = {isa = PBXFileReference; lastKnownFileType = sourcecode.swift; path = NBodySimApp.swift; sourceTree = "<group>"; };
		CAD1928E2DBD46C200DF0CDA /* ContentView.swift */ = {isa = PBXFileReference; lastKnownFileType = sourcecode.swift; path = ContentView.swift; sourceTree = "<group>"; };
		CAD192902DBD46C300DF0CDA /* Assets.xcassets */ = {isa = PBXFileReference; lastKnownFileType = folder.assetcatalog; path = Assets.xcassets; sourceTree = "<group>"; };
		CAD192932DBD46C300DF0CDA /* Preview Assets.xcassets */ = {isa = PBXFileReference; lastKnownFileType = folder.assetcatalog; path = "Preview Assets.xcassets"; sourceTree = "<group>"; };
		CAD192992DBD46C300DF0CDA /* NBodySimTests.xctest */ = {isa = PBXFileReference; explicitFileType = wrapper.cfbundle; includeInIndex = 0; path = NBodySimTests.xctest; sourceTree = BUILT_PRODUCTS_DIR; };
		CAD1929D2DBD46C300DF0CDA /* NBodySimTests.swift */ = {isa = PBXFileReference; lastKnownFileType = sourcecode.swift; path = NBodySimTests.swift; sourceTree = "<group>"; };
		CAD192A32DBD46C300DF0CDA /* NBodySimUITests.xctest */ = {isa = PBXFileReference; explicitFileType = wrapper.cfbundle; includeInIndex = 0; path = NBodySimUITests.xctest; sourceTree = BUILT_PRODUCTS_DIR; };
		CAD192A72DBD46C300DF0CDA /* NBodySimUITests.swift */ = {isa = PBXFileReference; lastKnownFileType = sourcecode.swift; path = NBodySimUITests.swift; sourceTree = "<group>"; };
		CAD192A92DBD46C300DF0CDA /* NBodySimUITestsLaunchTests.swift */ = {isa = PBXFileReference; lastKnownFileType = sourcecode.swift; path = NBodySimUITestsLaunchTests.swift; sourceTree = "<group>"; };
		CAD192B62DBD47E100DF0CDA /* Particle.swift */ = {isa = PBXFileReference; lastKnownFileType = sourcecode.swift; path = Particle.swift; sourceTree = "<group>"; };
		CAD192B82DBD48B900DF0CDA /* Simulator.swift */ = {isa = PBXFileReference; lastKnownFileType = sourcecode.swift; path = Simulator.swift; sourceTree = "<group>"; };
		CAD192BA2DBD64FD00DF0CDA /* MetalManager.swift */ = {isa = PBXFileReference; lastKnownFileType = sourcecode.swift; path = MetalManager.swift; sourceTree = "<group>"; };
		CAD192BC2DBD650A00DF0CDA /* Shaders.metal */ = {isa = PBXFileReference; lastKnownFileType = sourcecode.metal; path = Shaders.metal; sourceTree = "<group>"; };
		CAD192BE2DBD9A5000DF0CDA /* MTLSimulator.swift */ = {isa = PBXFileReference; lastKnownFileType = sourcecode.swift; path = MTLSimulator.swift; sourceTree = "<group>"; };
/* End PBXFileReference section */

/* Begin PBXFrameworksBuildPhase section */
		CAD192862DBD46C200DF0CDA /* Frameworks */ = {
			isa = PBXFrameworksBuildPhase;
			buildActionMask = 2147483647;
			files = (
			);
			runOnlyForDeploymentPostprocessing = 0;
		};
		CAD192962DBD46C300DF0CDA /* Frameworks */ = {
			isa = PBXFrameworksBuildPhase;
			buildActionMask = 2147483647;
			files = (
			);
			runOnlyForDeploymentPostprocessing = 0;
		};
		CAD192A02DBD46C300DF0CDA /* Frameworks */ = {
			isa = PBXFrameworksBuildPhase;
			buildActionMask = 2147483647;
			files = (
			);
			runOnlyForDeploymentPostprocessing = 0;
		};
/* End PBXFrameworksBuildPhase section */

/* Begin PBXGroup section */
		CAD192802DBD46C200DF0CDA = {
			isa = PBXGroup;
			children = (
				CAD1928B2DBD46C200DF0CDA /* NBodySim */,
				CAD1929C2DBD46C300DF0CDA /* NBodySimTests */,
				CAD192A62DBD46C300DF0CDA /* NBodySimUITests */,
				CAD1928A2DBD46C200DF0CDA /* Products */,
			);
			sourceTree = "<group>";
		};
		CAD1928A2DBD46C200DF0CDA /* Products */ = {
			isa = PBXGroup;
			children = (
				CAD192892DBD46C200DF0CDA /* NBodySim.app */,
				CAD192992DBD46C300DF0CDA /* NBodySimTests.xctest */,
				CAD192A32DBD46C300DF0CDA /* NBodySimUITests.xctest */,
			);
			name = Products;
			sourceTree = "<group>";
		};
		CAD1928B2DBD46C200DF0CDA /* NBodySim */ = {
			isa = PBXGroup;
			children = (
				CAD1928C2DBD46C200DF0CDA /* NBodySimApp.swift */,
				CAD192BA2DBD64FD00DF0CDA /* MetalManager.swift */,
				CAD192BC2DBD650A00DF0CDA /* Shaders.metal */,
				CAD1928E2DBD46C200DF0CDA /* ContentView.swift */,
				CAD192902DBD46C300DF0CDA /* Assets.xcassets */,
				CAD192922DBD46C300DF0CDA /* Preview Content */,
				CAD192B62DBD47E100DF0CDA /* Particle.swift */,
				CAD192B82DBD48B900DF0CDA /* Simulator.swift */,
				CAD192BE2DBD9A5000DF0CDA /* MTLSimulator.swift */,
			);
			path = NBodySim;
			sourceTree = "<group>";
		};
		CAD192922DBD46C300DF0CDA /* Preview Content */ = {
			isa = PBXGroup;
			children = (
				CAD192932DBD46C300DF0CDA /* Preview Assets.xcassets */,
			);
			path = "Preview Content";
			sourceTree = "<group>";
		};
		CAD1929C2DBD46C300DF0CDA /* NBodySimTests */ = {
			isa = PBXGroup;
			children = (
				CAD1929D2DBD46C300DF0CDA /* NBodySimTests.swift */,
			);
			path = NBodySimTests;
			sourceTree = "<group>";
		};
		CAD192A62DBD46C300DF0CDA /* NBodySimUITests */ = {
			isa = PBXGroup;
			children = (
				CAD192A72DBD46C300DF0CDA /* NBodySimUITests.swift */,
				CAD192A92DBD46C300DF0CDA /* NBodySimUITestsLaunchTests.swift */,
			);
			path = NBodySimUITests;
			sourceTree = "<group>";
		};
/* End PBXGroup section */

/* Begin PBXNativeTarget section */
		CAD192882DBD46C200DF0CDA /* NBodySim */ = {
			isa = PBXNativeTarget;
			buildConfigurationList = CAD192AD2DBD46C300DF0CDA /* Build configuration list for PBXNativeTarget "NBodySim" */;
			buildPhases = (
				CAD192852DBD46C200DF0CDA /* Sources */,
				CAD192862DBD46C200DF0CDA /* Frameworks */,
				CAD192872DBD46C200DF0CDA /* Resources */,
			);
			buildRules = (
			);
			dependencies = (
			);
			name = NBodySim;
			productName = NBodySim;
			productReference = CAD192892DBD46C200DF0CDA /* NBodySim.app */;
			productType = "com.apple.product-type.application";
		};
		CAD192982DBD46C300DF0CDA /* NBodySimTests */ = {
			isa = PBXNativeTarget;
			buildConfigurationList = CAD192B02DBD46C300DF0CDA /* Build configuration list for PBXNativeTarget "NBodySimTests" */;
			buildPhases = (
				CAD192952DBD46C300DF0CDA /* Sources */,
				CAD192962DBD46C300DF0CDA /* Frameworks */,
				CAD192972DBD46C300DF0CDA /* Resources */,
			);
			buildRules = (
			);
			dependencies = (
				CAD1929B2DBD46C300DF0CDA /* PBXTargetDependency */,
			);
			name = NBodySimTests;
			productName = NBodySimTests;
			productReference = CAD192992DBD46C300DF0CDA /* NBodySimTests.xctest */;
			productType = "com.apple.product-type.bundle.unit-test";
		};
		CAD192A22DBD46C300DF0CDA /* NBodySimUITests */ = {
			isa = PBXNativeTarget;
			buildConfigurationList = CAD192B32DBD46C300DF0CDA /* Build configuration list for PBXNativeTarget "NBodySimUITests" */;
			buildPhases = (
				CAD1929F2DBD46C300DF0CDA /* Sources */,
				CAD192A02DBD46C300DF0CDA /* Frameworks */,
				CAD192A12DBD46C300DF0CDA /* Resources */,
			);
			buildRules = (
			);
			dependencies = (
				CAD192A52DBD46C300DF0CDA /* PBXTargetDependency */,
			);
			name = NBodySimUITests;
			productName = NBodySimUITests;
			productReference = CAD192A32DBD46C300DF0CDA /* NBodySimUITests.xctest */;
			productType = "com.apple.product-type.bundle.ui-testing";
		};
/* End PBXNativeTarget section */

/* Begin PBXProject section */
		CAD192812DBD46C200DF0CDA /* Project object */ = {
			isa = PBXProject;
			attributes = {
				BuildIndependentTargetsInParallel = 1;
				LastSwiftUpdateCheck = 1430;
				LastUpgradeCheck = 1430;
				TargetAttributes = {
					CAD192882DBD46C200DF0CDA = {
						CreatedOnToolsVersion = 14.3.1;
					};
					CAD192982DBD46C300DF0CDA = {
						CreatedOnToolsVersion = 14.3.1;
						TestTargetID = CAD192882DBD46C200DF0CDA;
					};
					CAD192A22DBD46C300DF0CDA = {
						CreatedOnToolsVersion = 14.3.1;
						TestTargetID = CAD192882DBD46C200DF0CDA;
					};
				};
			};
			buildConfigurationList = CAD192842DBD46C200DF0CDA /* Build configuration list for PBXProject "NBodySim" */;
			compatibilityVersion = "Xcode 14.0";
			developmentRegion = en;
			hasScannedForEncodings = 0;
			knownRegions = (
				en,
				Base,
			);
			mainGroup = CAD192802DBD46C200DF0CDA;
			productRefGroup = CAD1928A2DBD46C200DF0CDA /* Products */;
			projectDirPath = "";
			projectRoot = "";
			targets = (
				CAD192882DBD46C200DF0CDA /* NBodySim */,
				CAD192982DBD46C300DF0CDA /* NBodySimTests */,
				CAD192A22DBD46C300DF0CDA /* NBodySimUITests */,
			);
		};
/* End PBXProject section */

/* Begin PBXResourcesBuildPhase section */
		CAD192872DBD46C200DF0CDA /* Resources */ = {
			isa = PBXResourcesBuildPhase;
			buildActionMask = 2147483647;
			files = (
				CAD192942DBD46C300DF0CDA /* Preview Assets.xcassets in Resources */,
				CAD192912DBD46C300DF0CDA /* Assets.xcassets in Resources */,
			);
			runOnlyForDeploymentPostprocessing = 0;
		};
		CAD192972DBD46C300DF0CDA /* Resources */ = {
			isa = PBXResourcesBuildPhase;
			buildActionMask = 2147483647;
			files = (
			);
			runOnlyForDeploymentPostprocessing = 0;
		};
		CAD192A12DBD46C300DF0CDA /* Resources */ = {
			isa = PBXResourcesBuildPhase;
			buildActionMask = 2147483647;
			files = (
			);
			runOnlyForDeploymentPostprocessing = 0;
		};
/* End PBXResourcesBuildPhase section */

/* Begin PBXSourcesBuildPhase section */
		CAD192852DBD46C200DF0CDA /* Sources */ = {
			isa = PBXSourcesBuildPhase;
			buildActionMask = 2147483647;
			files = (
				CAD192BD2DBD650A00DF0CDA /* Shaders.metal in Sources */,
				CAD1928F2DBD46C200DF0CDA /* ContentView.swift in Sources */,
				CAD192B72DBD47E100DF0CDA /* Particle.swift in Sources */,
				CAD192B92DBD48B900DF0CDA /* Simulator.swift in Sources */,
				CAD192BF2DBD9A5000DF0CDA /* MTLSimulator.swift in Sources */,
				CAD192BB2DBD64FD00DF0CDA /* MetalManager.swift in Sources */,
				CAD1928D2DBD46C200DF0CDA /* NBodySimApp.swift in Sources */,
			);
			runOnlyForDeploymentPostprocessing = 0;
		};
		CAD192952DBD46C300DF0CDA /* Sources */ = {
			isa = PBXSourcesBuildPhase;
			buildActionMask = 2147483647;
			files = (
				CAD1929E2DBD46C300DF0CDA /* NBodySimTests.swift in Sources */,
			);
			runOnlyForDeploymentPostprocessing = 0;
		};
		CAD1929F2DBD46C300DF0CDA /* Sources */ = {
			isa = PBXSourcesBuildPhase;
			buildActionMask = 2147483647;
			files = (
				CAD192AA2DBD46C300DF0CDA /* NBodySimUITestsLaunchTests.swift in Sources */,
				CAD192A82DBD46C300DF0CDA /* NBodySimUITests.swift in Sources */,
			);
			runOnlyForDeploymentPostprocessing = 0;
		};
/* End PBXSourcesBuildPhase section */

/* Begin PBXTargetDependency section */
		CAD1929B2DBD46C300DF0CDA /* PBXTargetDependency */ = {
			isa = PBXTargetDependency;
			target = CAD192882DBD46C200DF0CDA /* NBodySim */;
			targetProxy = CAD1929A2DBD46C300DF0CDA /* PBXContainerItemProxy */;
		};
		CAD192A52DBD46C300DF0CDA /* PBXTargetDependency */ = {
			isa = PBXTargetDependency;
			target = CAD192882DBD46C200DF0CDA /* NBodySim */;
			targetProxy = CAD192A42DBD46C300DF0CDA /* PBXContainerItemProxy */;
		};
/* End PBXTargetDependency section */

/* Begin XCBuildConfiguration section */
		CAD192AB2DBD46C300DF0CDA /* Debug */ = {
			isa = XCBuildConfiguration;
			buildSettings = {
				ALWAYS_SEARCH_USER_PATHS = NO;
				CLANG_ANALYZER_NONNULL = YES;
				CLANG_ANALYZER_NUMBER_OBJECT_CONVERSION = YES_AGGRESSIVE;
				CLANG_CXX_LANGUAGE_STANDARD = "gnu++20";
				CLANG_ENABLE_MODULES = YES;
				CLANG_ENABLE_OBJC_ARC = YES;
				CLANG_ENABLE_OBJC_WEAK = YES;
				CLANG_WARN_BLOCK_CAPTURE_AUTORELEASING = YES;
				CLANG_WARN_BOOL_CONVERSION = YES;
				CLANG_WARN_COMMA = YES;
				CLANG_WARN_CONSTANT_CONVERSION = YES;
				CLANG_WARN_DEPRECATED_OBJC_IMPLEMENTATIONS = YES;
				CLANG_WARN_DIRECT_OBJC_ISA_USAGE = YES_ERROR;
				CLANG_WARN_DOCUMENTATION_COMMENTS = YES;
				CLANG_WARN_EMPTY_BODY = YES;
				CLANG_WARN_ENUM_CONVERSION = YES;
				CLANG_WARN_INFINITE_RECURSION = YES;
				CLANG_WARN_INT_CONVERSION = YES;
				CLANG_WARN_NON_LITERAL_NULL_CONVERSION = YES;
				CLANG_WARN_OBJC_IMPLICIT_RETAIN_SELF = YES;
				CLANG_WARN_OBJC_LITERAL_CONVERSION = YES;
				CLANG_WARN_OBJC_ROOT_CLASS = YES_ERROR;
				CLANG_WARN_QUOTED_INCLUDE_IN_FRAMEWORK_HEADER = YES;
				CLANG_WARN_RANGE_LOOP_ANALYSIS = YES;
				CLANG_WARN_STRICT_PROTOTYPES = YES;
				CLANG_WARN_SUSPICIOUS_MOVE = YES;
				CLANG_WARN_UNGUARDED_AVAILABILITY = YES_AGGRESSIVE;
				CLANG_WARN_UNREACHABLE_CODE = YES;
				CLANG_WARN__DUPLICATE_METHOD_MATCH = YES;
				COPY_PHASE_STRIP = NO;
				DEBUG_INFORMATION_FORMAT = dwarf;
				ENABLE_STRICT_OBJC_MSGSEND = YES;
				ENABLE_TESTABILITY = YES;
				GCC_C_LANGUAGE_STANDARD = gnu11;
				GCC_DYNAMIC_NO_PIC = NO;
				GCC_NO_COMMON_BLOCKS = YES;
				GCC_OPTIMIZATION_LEVEL = 0;
				GCC_PREPROCESSOR_DEFINITIONS = (
					"DEBUG=1",
					"$(inherited)",
				);
				GCC_WARN_64_TO_32_BIT_CONVERSION = YES;
				GCC_WARN_ABOUT_RETURN_TYPE = YES_ERROR;
				GCC_WARN_UNDECLARED_SELECTOR = YES;
				GCC_WARN_UNINITIALIZED_AUTOS = YES_AGGRESSIVE;
				GCC_WARN_UNUSED_FUNCTION = YES;
				GCC_WARN_UNUSED_VARIABLE = YES;
				IPHONEOS_DEPLOYMENT_TARGET = 16.4;
				MTL_ENABLE_DEBUG_INFO = INCLUDE_SOURCE;
				MTL_FAST_MATH = YES;
				ONLY_ACTIVE_ARCH = YES;
				SDKROOT = iphoneos;
				SWIFT_ACTIVE_COMPILATION_CONDITIONS = DEBUG;
				SWIFT_OPTIMIZATION_LEVEL = "-Onone";
			};
			name = Debug;
		};
		CAD192AC2DBD46C300DF0CDA /* Release */ = {
			isa = XCBuildConfiguration;
			buildSettings = {
				ALWAYS_SEARCH_USER_PATHS = NO;
				CLANG_ANALYZER_NONNULL = YES;
				CLANG_ANALYZER_NUMBER_OBJECT_CONVERSION = YES_AGGRESSIVE;
				CLANG_CXX_LANGUAGE_STANDARD = "gnu++20";
				CLANG_ENABLE_MODULES = YES;
				CLANG_ENABLE_OBJC_ARC = YES;
				CLANG_ENABLE_OBJC_WEAK = YES;
				CLANG_WARN_BLOCK_CAPTURE_AUTORELEASING = YES;
				CLANG_WARN_BOOL_CONVERSION = YES;
				CLANG_WARN_COMMA = YES;
				CLANG_WARN_CONSTANT_CONVERSION = YES;
				CLANG_WARN_DEPRECATED_OBJC_IMPLEMENTATIONS = YES;
				CLANG_WARN_DIRECT_OBJC_ISA_USAGE = YES_ERROR;
				CLANG_WARN_DOCUMENTATION_COMMENTS = YES;
				CLANG_WARN_EMPTY_BODY = YES;
				CLANG_WARN_ENUM_CONVERSION = YES;
				CLANG_WARN_INFINITE_RECURSION = YES;
				CLANG_WARN_INT_CONVERSION = YES;
				CLANG_WARN_NON_LITERAL_NULL_CONVERSION = YES;
				CLANG_WARN_OBJC_IMPLICIT_RETAIN_SELF = YES;
				CLANG_WARN_OBJC_LITERAL_CONVERSION = YES;
				CLANG_WARN_OBJC_ROOT_CLASS = YES_ERROR;
				CLANG_WARN_QUOTED_INCLUDE_IN_FRAMEWORK_HEADER = YES;
				CLANG_WARN_RANGE_LOOP_ANALYSIS = YES;
				CLANG_WARN_STRICT_PROTOTYPES = YES;
				CLANG_WARN_SUSPICIOUS_MOVE = YES;
				CLANG_WARN_UNGUARDED_AVAILABILITY = YES_AGGRESSIVE;
				CLANG_WARN_UNREACHABLE_CODE = YES;
				CLANG_WARN__DUPLICATE_METHOD_MATCH = YES;
				COPY_PHASE_STRIP = NO;
				DEBUG_INFORMATION_FORMAT = "dwarf-with-dsym";
				ENABLE_NS_ASSERTIONS = NO;
				ENABLE_STRICT_OBJC_MSGSEND = YES;
				GCC_C_LANGUAGE_STANDARD = gnu11;
				GCC_NO_COMMON_BLOCKS = YES;
				GCC_WARN_64_TO_32_BIT_CONVERSION = YES;
				GCC_WARN_ABOUT_RETURN_TYPE = YES_ERROR;
				GCC_WARN_UNDECLARED_SELECTOR = YES;
				GCC_WARN_UNINITIALIZED_AUTOS = YES_AGGRESSIVE;
				GCC_WARN_UNUSED_FUNCTION = YES;
				GCC_WARN_UNUSED_VARIABLE = YES;
				IPHONEOS_DEPLOYMENT_TARGET = 16.4;
				MTL_ENABLE_DEBUG_INFO = NO;
				MTL_FAST_MATH = YES;
				SDKROOT = iphoneos;
				SWIFT_COMPILATION_MODE = wholemodule;
				SWIFT_OPTIMIZATION_LEVEL = "-O";
				VALIDATE_PRODUCT = YES;
			};
			name = Release;
		};
		CAD192AE2DBD46C300DF0CDA /* Debug */ = {
			isa = XCBuildConfiguration;
			buildSettings = {
				ASSETCATALOG_COMPILER_APPICON_NAME = AppIcon;
				ASSETCATALOG_COMPILER_GLOBAL_ACCENT_COLOR_NAME = AccentColor;
				CODE_SIGN_STYLE = Automatic;
				CURRENT_PROJECT_VERSION = 1;
				DEVELOPMENT_ASSET_PATHS = "\"NBodySim/Preview Content\"";
				ENABLE_PREVIEWS = YES;
				GENERATE_INFOPLIST_FILE = YES;
				INFOPLIST_KEY_UIApplicationSceneManifest_Generation = YES;
				INFOPLIST_KEY_UIApplicationSupportsIndirectInputEvents = YES;
				INFOPLIST_KEY_UILaunchScreen_Generation = YES;
				INFOPLIST_KEY_UISupportedInterfaceOrientations_iPad = "UIInterfaceOrientationPortrait UIInterfaceOrientationPortraitUpsideDown UIInterfaceOrientationLandscapeLeft UIInterfaceOrientationLandscapeRight";
				INFOPLIST_KEY_UISupportedInterfaceOrientations_iPhone = "UIInterfaceOrientationPortrait UIInterfaceOrientationLandscapeLeft UIInterfaceOrientationLandscapeRight";
				LD_RUNPATH_SEARCH_PATHS = (
					"$(inherited)",
					"@executable_path/Frameworks",
				);
				MARKETING_VERSION = 1.0;
				PRODUCT_BUNDLE_IDENTIFIER = com.emirdurakovic.NBodySim;
				PRODUCT_NAME = "$(TARGET_NAME)";
				SWIFT_EMIT_LOC_STRINGS = YES;
				SWIFT_VERSION = 5.0;
				TARGETED_DEVICE_FAMILY = "1,2";
			};
			name = Debug;
		};
		CAD192AF2DBD46C300DF0CDA /* Release */ = {
			isa = XCBuildConfiguration;
			buildSettings = {
				ASSETCATALOG_COMPILER_APPICON_NAME = AppIcon;
				ASSETCATALOG_COMPILER_GLOBAL_ACCENT_COLOR_NAME = AccentColor;
				CODE_SIGN_STYLE = Automatic;
				CURRENT_PROJECT_VERSION = 1;
				DEVELOPMENT_ASSET_PATHS = "\"NBodySim/Preview Content\"";
				ENABLE_PREVIEWS = YES;
				GENERATE_INFOPLIST_FILE = YES;
				INFOPLIST_KEY_UIApplicationSceneManifest_Generation = YES;
				INFOPLIST_KEY_UIApplicationSupportsIndirectInputEvents = YES;
				INFOPLIST_KEY_UILaunchScreen_Generation = YES;
				INFOPLIST_KEY_UISupportedInterfaceOrientations_iPad = "UIInterfaceOrientationPortrait UIInterfaceOrientationPortraitUpsideDown UIInterfaceOrientationLandscapeLeft UIInterfaceOrientationLandscapeRight";
				INFOPLIST_KEY_UISupportedInterfaceOrientations_iPhone = "UIInterfaceOrientationPortrait UIInterfaceOrientationLandscapeLeft UIInterfaceOrientationLandscapeRight";
				LD_RUNPATH_SEARCH_PATHS = (
					"$(inherited)",
					"@executable_path/Frameworks",
				);
				MARKETING_VERSION = 1.0;
				PRODUCT_BUNDLE_IDENTIFIER = com.emirdurakovic.NBodySim;
				PRODUCT_NAME = "$(TARGET_NAME)";
				SWIFT_EMIT_LOC_STRINGS = YES;
				SWIFT_VERSION = 5.0;
				TARGETED_DEVICE_FAMILY = "1,2";
			};
			name = Release;
		};
		CAD192B12DBD46C300DF0CDA /* Debug */ = {
			isa = XCBuildConfiguration;
			buildSettings = {
				ALWAYS_EMBED_SWIFT_STANDARD_LIBRARIES = YES;
				BUNDLE_LOADER = "$(TEST_HOST)";
				CODE_SIGN_STYLE = Automatic;
				CURRENT_PROJECT_VERSION = 1;
				GENERATE_INFOPLIST_FILE = YES;
				IPHONEOS_DEPLOYMENT_TARGET = 16.4;
				MARKETING_VERSION = 1.0;
				PRODUCT_BUNDLE_IDENTIFIER = com.emirdurakovic.NBodySimTests;
				PRODUCT_NAME = "$(TARGET_NAME)";
				SWIFT_EMIT_LOC_STRINGS = NO;
				SWIFT_VERSION = 5.0;
				TARGETED_DEVICE_FAMILY = "1,2";
				TEST_HOST = "$(BUILT_PRODUCTS_DIR)/NBodySim.app/$(BUNDLE_EXECUTABLE_FOLDER_PATH)/NBodySim";
			};
			name = Debug;
		};
		CAD192B22DBD46C300DF0CDA /* Release */ = {
			isa = XCBuildConfiguration;
			buildSettings = {
				ALWAYS_EMBED_SWIFT_STANDARD_LIBRARIES = YES;
				BUNDLE_LOADER = "$(TEST_HOST)";
				CODE_SIGN_STYLE = Automatic;
				CURRENT_PROJECT_VERSION = 1;
				GENERATE_INFOPLIST_FILE = YES;
				IPHONEOS_DEPLOYMENT_TARGET = 16.4;
				MARKETING_VERSION = 1.0;
				PRODUCT_BUNDLE_IDENTIFIER = com.emirdurakovic.NBodySimTests;
				PRODUCT_NAME = "$(TARGET_NAME)";
				SWIFT_EMIT_LOC_STRINGS = NO;
				SWIFT_VERSION = 5.0;
				TARGETED_DEVICE_FAMILY = "1,2";
				TEST_HOST = "$(BUILT_PRODUCTS_DIR)/NBodySim.app/$(BUNDLE_EXECUTABLE_FOLDER_PATH)/NBodySim";
			};
			name = Release;
		};
		CAD192B42DBD46C300DF0CDA /* Debug */ = {
			isa = XCBuildConfiguration;
			buildSettings = {
				ALWAYS_EMBED_SWIFT_STANDARD_LIBRARIES = YES;
				CODE_SIGN_STYLE = Automatic;
				CURRENT_PROJECT_VERSION = 1;
				GENERATE_INFOPLIST_FILE = YES;
				MARKETING_VERSION = 1.0;
				PRODUCT_BUNDLE_IDENTIFIER = com.emirdurakovic.NBodySimUITests;
				PRODUCT_NAME = "$(TARGET_NAME)";
				SWIFT_EMIT_LOC_STRINGS = NO;
				SWIFT_VERSION = 5.0;
				TARGETED_DEVICE_FAMILY = "1,2";
				TEST_TARGET_NAME = NBodySim;
			};
			name = Debug;
		};
		CAD192B52DBD46C300DF0CDA /* Release */ = {
			isa = XCBuildConfiguration;
			buildSettings = {
				ALWAYS_EMBED_SWIFT_STANDARD_LIBRARIES = YES;
				CODE_SIGN_STYLE = Automatic;
				CURRENT_PROJECT_VERSION = 1;
				GENERATE_INFOPLIST_FILE = YES;
				MARKETING_VERSION = 1.0;
				PRODUCT_BUNDLE_IDENTIFIER = com.emirdurakovic.NBodySimUITests;
				PRODUCT_NAME = "$(TARGET_NAME)";
				SWIFT_EMIT_LOC_STRINGS = NO;
				SWIFT_VERSION = 5.0;
				TARGETED_DEVICE_FAMILY = "1,2";
				TEST_TARGET_NAME = NBodySim;
			};
			name = Release;
		};
/* End XCBuildConfiguration section */

/* Begin XCConfigurationList section */
		CAD192842DBD46C200DF0CDA /* Build configuration list for PBXProject "NBodySim" */ = {
			isa = XCConfigurationList;
			buildConfigurations = (
				CAD192AB2DBD46C300DF0CDA /* Debug */,
				CAD192AC2DBD46C300DF0CDA /* Release */,
			);
			defaultConfigurationIsVisible = 0;
			defaultConfigurationName = Release;
		};
		CAD192AD2DBD46C300DF0CDA /* Build configuration list for PBXNativeTarget "NBodySim" */ = {
			isa = XCConfigurationList;
			buildConfigurations = (
				CAD192AE2DBD46C300DF0CDA /* Debug */,
				CAD192AF2DBD46C300DF0CDA /* Release */,
			);
			defaultConfigurationIsVisible = 0;
			defaultConfigurationName = Release;
		};
		CAD192B02DBD46C300DF0CDA /* Build configuration list for PBXNativeTarget "NBodySimTests" */ = {
			isa = XCConfigurationList;
			buildConfigurations = (
				CAD192B12DBD46C300DF0CDA /* Debug */,
				CAD192B22DBD46C300DF0CDA /* Release */,
			);
			defaultConfigurationIsVisible = 0;
			defaultConfigurationName = Release;
		};
		CAD192B32DBD46C300DF0CDA /* Build configuration list for PBXNativeTarget "NBodySimUITests" */ = {
			isa = XCConfigurationList;
			buildConfigurations = (
				CAD192B42DBD46C300DF0CDA /* Debug */,
				CAD192B52DBD46C300DF0CDA /* Release */,
			);
			defaultConfigurationIsVisible = 0;
			defaultConfigurationName = Release;
		};
/* End XCConfigurationList section */
	};
	rootObject = CAD192812DBD46C200DF0CDA /* Project object */;
}
